{
  "lockfile_version": "1",
  "packages": {
    "ansible@latest": {
      "last_modified": "2026-02-08T07:51:33Z",
      "resolved": "github:NixOS/nixpkgs/fef9403a3e4d31b0a23f0bacebbec52c248fbb51#ansible",
      "source": "devbox-search",
      "version": "2.20.0",
      "systems": {
        "aarch64-darwin": {
          "outputs": [
            {
              "name": "out",
              "path": "/nix/store/zljmi5p6n7xsm6i00cinfs9jx8ds0z65-python3.13-ansible-core-2.20.0",
              "default": true
            },
            {
              "name": "dist",
              "path": "/nix/store/5bhk0z1cfpiqprl32fr0cwdwk3cywccp-python3.13-ansible-core-2.20.0-dist"
            }
          ],
          "store_path": "/nix/store/zljmi5p6n7xsm6i00cinfs9jx8ds0z65-python3.13-ansible-core-2.20.0"
        },
        "aarch64-linux": {
          "outputs": [
            {
              "name": "out",
              "path": "/nix/store/0z1yv2p4fkfkkjzx4rr7h37257lxjrks-python3.13-ansible-core-2.20.0",
              "default": true
            },
            {
              "name": "dist",
              "path": "/nix/store/m23h75cnn5bib1n4p143946xx6g2x86c-python3.13-ansible-core-2.20.0-dist"
            }
          ],
          "store_path": "/nix/store/0z1yv2p4fkfkkjzx4rr7h37257lxjrks-python3.13-ansible-core-2.20.0"
        },
        "x86_64-darwin": {
          "outputs": [
            {
              "name": "out",
              "path": "/nix/store/naxsjnsg305d15854qzrhak6lpzv637y-python3.13-ansible-core-2.20.0",
              "default": true
            },
            {
              "name": "dist",
              "path": "/nix/store/68xs9nmm6dnrp8il31wqvamxz9jdhzkr-python3.13-ansible-core-2.20.0-dist"
            }
          ],
          "store_path": "/nix/store/naxsjnsg305d15854qzrhak6lpzv637y-python3.13-ansible-core-2.20.0"
        },
        "x86_64-linux": {
          "outputs": [
            {
              "name": "out",
              "path": "/nix/store/krdp6pq4yansbw0gr495n5rhcrp2afkl-python3.13-ansible-core-2.20.0",
              "default": true
            },
            {
              "name": "dist",
              "path": "/nix/store/lnb2yj93hxagkd2zp1x6icv2h2lk92f7-python3.13-ansible-core-2.20.0-dist"
            }
          ],
          "store_path": "/nix/store/krdp6pq4yansbw0gr495n5rhcrp2afkl-python3.13-ansible-core-2.20.0"
        }
      }
    },
    "awscli2@latest": {
      "last_modified": "2026-01-23T17:20:52Z",
      "resolved": "github:NixOS/nixpkgs/a1bab9e494f5f4939442a57a58d0449a109593fe#awscli2",
      "source": "devbox-search",
      "version": "2.33.2",
      "systems": {
        "aarch64-darwin": {
          "outputs": [
            {
              "name": "out",
              "path": "/nix/store/6812vpz14kjmdg44zk6rd68pigjm1ppf-awscli2-2.33.2",
              "default": true
            },
            {
              "name": "dist",
              "path": "/nix/store/qf0ylzfbs04id336lpk5p447xg3pbiwb-awscli2-2.33.2-dist"
            }
          ],
          "store_path": "/nix/store/6812vpz14kjmdg44zk6rd68pigjm1ppf-awscli2-2.33.2"
        },
        "aarch64-linux": {
          "outputs": [
            {
              "name": "out",
              "path": "/nix/store/kpda33y4sg4nblzisl41i03n9hzgcalf-awscli2-2.33.2",
              "default": true
            },
            {
              "name": "dist",
              "path": "/nix/store/5nqsg97znbj4zr9lli198b3l2aldzh2c-awscli2-2.33.2-dist"
            }
          ],
          "store_path": "/nix/store/kpda33y4sg4nblzisl41i03n9hzgcalf-awscli2-2.33.2"
        },
        "x86_64-darwin": {
          "outputs": [
            {
              "name": "out",
              "path": "/nix/store/kzlq4xl48jj0v7a4a675p4a03fmy7wx9-awscli2-2.33.2",
              "default": true
            },
            {
              "name": "dist",
              "path": "/nix/store/lpyg69n78pis2563gdrb7c139d63jind-awscli2-2.33.2-dist"
            }
          ],
          "store_path": "/nix/store/kzlq4xl48jj0v7a4a675p4a03fmy7wx9-awscli2-2.33.2"
        },
        "x86_64-linux": {
          "outputs": [
            {
              "name": "out",
              "path": "/nix/store/qwl18in1xxa7l31wzq4vl1qd45jgrkm8-awscli2-2.33.2",
              "default": true
            },
            {
              "name": "dist",
              "path": "/nix/store/z8id4ydz5b8gnqkx2jddx5hpc91k58rq-awscli2-2.33.2-dist"
            }
          ],
          "store_path": "/nix/store/qwl18in1xxa7l31wzq4vl1qd45jgrkm8-awscli2-2.33.2"
        }
      }
    },
    "github:NixOS/nixpkgs/nixpkgs-unstable": {
      "last_modified": "2026-02-11T21:01:36Z",
      "resolved": "github:NixOS/nixpkgs/2343bbb58f99267223bc2aac4fc9ea301a155a16?lastModified=1770843696"
    },
    "go-task@latest": {
      "last_modified": "2026-02-02T23:09:17Z",
      "resolved": "github:NixOS/nixpkgs/47472570b1e607482890801aeaf29bfb749884f6#go-task",
      "source": "devbox-search",
      "version": "3.48.0",
      "systems": {
        "aarch64-darwin": {
          "outputs": [
            {
              "name": "out",
              "path": "/nix/store/xcbnv9rgpbrrbjc9rhcryn29fkapyy7a-go-task-3.48.0",
              "default": true
            }
          ],
          "store_path": "/nix/store/xcbnv9rgpbrrbjc9rhcryn29fkapyy7a-go-task-3.48.0"
        },
        "aarch64-linux": {
          "outputs": [
            {
              "name": "out",
              "path": "/nix/store/ncpxzr2h6wmbw3x1rk64wbpdrdk7hnc5-go-task-3.48.0",
              "default": true
            }
          ],
          "store_path": "/nix/store/ncpxzr2h6wmbw3x1rk64wbpdrdk7hnc5-go-task-3.48.0"
        },
        "x86_64-darwin": {
          "outputs": [
            {
              "name": "out",
              "path": "/nix/store/xvrsali850p07x38l7vg337nfmy8sf4d-go-task-3.48.0",
              "default": true
            }
          ],
          "store_path": "/nix/store/xvrsali850p07x38l7vg337nfmy8sf4d-go-task-3.48.0"
        },
        "x86_64-linux": {
          "outputs": [
            {
              "name": "out",
              "path": "/nix/store/5aa1yhiq2vx8widj750xb8b7rp21xrwn-go-task-3.48.0",
              "default": true
            }
          ],
          "store_path": "/nix/store/5aa1yhiq2vx8widj750xb8b7rp21xrwn-go-task-3.48.0"
        }
      }
    },
    "kubernetes-helm@latest": {
      "last_modified": "2026-01-23T17:20:52Z",
      "resolved": "github:NixOS/nixpkgs/a1bab9e494f5f4939442a57a58d0449a109593fe#kubernetes-helm",
      "source": "devbox-search",
      "version": "3.19.1",
      "systems": {
        "aarch64-darwin": {
          "outputs": [
            {
              "name": "out",
              "path": "/nix/store/gw5jvq4r17iqh751g7v71svxb3ncq7si-kubernetes-helm-3.19.1",
              "default": true
            }
          ],
          "store_path": "/nix/store/gw5jvq4r17iqh751g7v71svxb3ncq7si-kubernetes-helm-3.19.1"
        },
        "aarch64-linux": {
          "outputs": [
            {
              "name": "out",
              "path": "/nix/store/j1fh4wfj0b1dk87q0irz73k8gcqhr2ak-kubernetes-helm-3.19.1",
              "default": true
            }
          ],
          "store_path": "/nix/store/j1fh4wfj0b1dk87q0irz73k8gcqhr2ak-kubernetes-helm-3.19.1"
        },
        "x86_64-darwin": {
          "outputs": [
            {
              "name": "out",
              "path": "/nix/store/9g0nwl9nrf2rjs4kgz6yclr335jdq1r5-kubernetes-helm-3.19.1",
              "default": true
            }
          ],
          "store_path": "/nix/store/9g0nwl9nrf2rjs4kgz6yclr335jdq1r5-kubernetes-helm-3.19.1"
        },
        "x86_64-linux": {
          "outputs": [
            {
              "name": "out",
              "path": "/nix/store/n4np4p37d3k0nw0h4v9vvyrk8hj0qly0-kubernetes-helm-3.19.1",
              "default": true
            }
          ],
          "store_path": "/nix/store/n4np4p37d3k0nw0h4v9vvyrk8hj0qly0-kubernetes-helm-3.19.1"
        }
      }
    },
    "packer@latest": {
      "last_modified": "2026-01-23T17:20:52Z",
      "resolved": "github:NixOS/nixpkgs/a1bab9e494f5f4939442a57a58d0449a109593fe#packer",
      "source": "devbox-search",
      "version": "1.14.3",
      "systems": {
        "aarch64-darwin": {
          "outputs": [
            {
              "name": "out",
              "path": "/nix/store/1g6skvdkpcxim40dpabsi9bj8hkyaik6-packer-1.14.3",
              "default": true
            }
          ],
          "store_path": "/nix/store/1g6skvdkpcxim40dpabsi9bj8hkyaik6-packer-1.14.3"
        },
        "aarch64-linux": {
          "outputs": [
            {
              "name": "out",
              "path": "/nix/store/qcsasfdmnbqw829j7yc8a8rz81zpwhss-packer-1.14.3",
              "default": true
            }
          ],
          "store_path": "/nix/store/qcsasfdmnbqw829j7yc8a8rz81zpwhss-packer-1.14.3"
        },
        "x86_64-darwin": {
          "outputs": [
            {
              "name": "out",
              "path": "/nix/store/q2y3w6d42qdp75rs12wivndv1jvdwnmz-packer-1.14.3",
              "default": true
            }
          ],
          "store_path": "/nix/store/q2y3w6d42qdp75rs12wivndv1jvdwnmz-packer-1.14.3"
        },
        "x86_64-linux": {
          "outputs": [
            {
              "name": "out",
              "path": "/nix/store/df9qffjzmwqp66d5lsycisfl9zpjlwdc-packer-1.14.3",
              "default": true
            }
          ],
          "store_path": "/nix/store/df9qffjzmwqp66d5lsycisfl9zpjlwdc-packer-1.14.3"
        }
      }
    },
    "terraform@latest": {
      "last_modified": "2026-01-30T02:32:49Z",
      "resolved": "github:NixOS/nixpkgs/6308c3b21396534d8aaeac46179c14c439a89b8a#terraform",
      "source": "devbox-search",
      "version": "1.14.4",
      "systems": {
        "aarch64-darwin": {
          "outputs": [
            {
              "name": "out",
              "path": "/nix/store/y4q7lr5jkhdk3yzcv7xgyndszc8hm9sy-terraform-1.14.4",
              "default": true
            }
          ],
          "store_path": "/nix/store/y4q7lr5jkhdk3yzcv7xgyndszc8hm9sy-terraform-1.14.4"
        },
        "aarch64-linux": {
          "outputs": [
            {
              "name": "out",
              "path": "/nix/store/apv0hq2impwj1ik53zh9wx0mgvxfqxv7-terraform-1.14.4",
              "default": true
            }
          ],
          "store_path": "/nix/store/apv0hq2impwj1ik53zh9wx0mgvxfqxv7-terraform-1.14.4"
        },
        "x86_64-darwin": {
          "outputs": [
            {
              "name": "out",
              "path": "/nix/store/ljr2xvpqz7ac0n5bqk01qj3i6bpnkhgc-terraform-1.14.4",
              "default": true
            }
          ],
          "store_path": "/nix/store/ljr2xvpqz7ac0n5bqk01qj3i6bpnkhgc-terraform-1.14.4"
        },
        "x86_64-linux": {
          "outputs": [
            {
              "name": "out",
              "path": "/nix/store/9nw96rdpppxfy4qzw2xnplf39p7dpmsv-terraform-1.14.4",
              "default": true
            }
          ],
          "store_path": "/nix/store/9nw96rdpppxfy4qzw2xnplf39p7dpmsv-terraform-1.14.4"
        }
      }
    }
  }
}
